
Microsoft Visual Studio Solution File, Format Version 12.00
# Visual Studio Version 17
VisualStudioVersion = 17.0.31903.59
MinimumVisualStudioVersion = 10.0.40219.1
Project("{FAE04EC0-301F-11D3-BF4B-00C04F79EFBC}") = "TestingCiCd.Web", "TestingCiCd.Web\TestingCiCd.Web.csproj", "{1A9F9281-18E7-4BD5-BA13-6B2EC2372C08}"
EndProject
Project("{FAE04EC0-301F-11D3-BF4B-00C04F79EFBC}") = "TestingCiCd.Core", "TestingCiCd.Core\TestingCiCd.Core.csproj", "{1792A728-064B-42D9-884C-CBE3C3FE9ECB}"
EndProject
Global
	GlobalSection(SolutionConfigurationPlatforms) = preSolution
		Debug|Any CPU = Debug|Any CPU
		Release|Any CPU = Release|Any CPU
	EndGlobalSection
	GlobalSection(SolutionProperties) = preSolution
		HideSolutionNode = FALSE
	EndGlobalSection
	GlobalSection(ProjectConfigurationPlatforms) = postSolution
		{1A9F9281-18E7-4BD5-BA13-6B2EC2372C08}.Debug|Any CPU.ActiveCfg = Debug|Any CPU
		{1A9F9281-18E7-4BD5-BA13-6B2EC2372C08}.Debug|Any CPU.Build.0 = Debug|Any CPU
		{1A9F9281-18E7-4BD5-BA13-6B2EC2372C08}.Release|Any CPU.ActiveCfg = Release|Any CPU
		{1A9F9281-18E7-4BD5-BA13-6B2EC2372C08}.Release|Any CPU.Build.0 = Release|Any CPU
		{1792A728-064B-42D9-884C-CBE3C3FE9ECB}.Debug|Any CPU.ActiveCfg = Debug|Any CPU
		{1792A728-064B-42D9-884C-CBE3C3FE9ECB}.Debug|Any CPU.Build.0 = Debug|Any CPU
		{1792A728-064B-42D9-884C-CBE3C3FE9ECB}.Release|Any CPU.ActiveCfg = Release|Any CPU
		{1792A728-064B-42D9-884C-CBE3C3FE9ECB}.Release|Any CPU.Build.0 = Release|Any CPU
	EndGlobalSection
EndGlobal
Project("{2150E333-8FDC-42A3-9474-1A3956D46DE8}") = "Solution Files", "Solution Files", "{86594A78-C5F5-487C-9CFC-85CEA5A715C9}"
	ProjectSection(SolutionItems) = preProject
		.dockerignore = .dockerignore
		.editorconfig = .editorconfig
		.gitattributes = .gitattributes
		.gitignore = .gitignore
		.umbraco = .umbraco
		NuGet.config = NuGet.config
		Readme.md = Readme.md
		TestingCiCd.Web\umbraco-cloud.json = TestingCiCd.Web\umbraco-cloud.json
	EndProjectSection
EndProject
